
Microsoft Visual Studio Solution File, Format Version 12.00
# Visual Studio Version 17
VisualStudioVersion = 17.4.33213.308
MinimumVisualStudioVersion = 10.0.40219.1
Project("{FAE04EC0-301F-11D3-BF4B-00C04F79EFBC}") = "WpfCrypto", "WpfCrypto\WpfCrypto.csproj", "{FCBCE52E-7B25-455F-A53A-AF3EBAEEB5AB}"
EndProject
Global
	GlobalSection(SolutionConfigurationPlatforms) = preSolution
		Debug|Any CPU = Debug|Any CPU
		Release|Any CPU = Release|Any CPU
	EndGlobalSection
	GlobalSection(ProjectConfigurationPlatforms) = postSolution
		{FCBCE52E-7B25-455F-A53A-AF3EBAEEB5AB}.Debug|Any CPU.ActiveCfg = Debug|Any CPU
		{FCBCE52E-7B25-455F-A53A-AF3EBAEEB5AB}.Debug|Any CPU.Build.0 = Debug|Any CPU
		{FCBCE52E-7B25-455F-A53A-AF3EBAEEB5AB}.Release|Any CPU.ActiveCfg = Release|Any CPU
		{FCBCE52E-7B25-455F-A53A-AF3EBAEEB5AB}.Release|Any CPU.Build.0 = Release|Any CPU
	EndGlobalSection
	GlobalSection(SolutionProperties) = preSolution
		HideSolutionNode = FALSE
	EndGlobalSection
	GlobalSection(ExtensibilityGlobals) = postSolution
		SolutionGuid = {48125B8C-B255-49A0-A44B-1FEE3217ACCC}
	EndGlobalSection
EndGlobal
